lockfileVersion: '9.0'

settings:
  autoInstallPeers: true
  excludeLinksFromLockfile: false

importers:

  .:
    dependencies:
      yup:
        specifier: ^0.32.11
        version: 0.32.11

packages:

  '@babel/runtime@7.24.6':
    resolution: {integrity: sha512-Ja18XcETdEl5mzzACGd+DKgaGJzPTCow7EglgwTmHdwokzDFYh/MHua6lU6DV/hjF2IaOJ4oX2nqnjG7RElKOw==}
    engines: {node: '>=6.9.0'}

  '@types/lodash@4.17.4':
    resolution: {integrity: sha512-wYCP26ZLxaT3R39kiN2+HcJ4kTd3U1waI/cY7ivWYqFP6pW3ZNpvi6Wd6PHZx7T/t8z0vlkXMg3QYLa7DZ/IJQ==}

  lodash-es@4.17.21:
    resolution: {integrity: sha512-mKnC+QJ9pWVzv+C4/U3rRsHapFfHvQFoFB92e52xeyGMcX6/OlIl78je1u8vePzYZSkkogMPJ2yjxxsb89cxyw==}

  lodash@4.17.21:
    resolution: {integrity: sha512-v2kDEe57lecTulaDIuNTPy3Ry4gLGJ6Z1O3vE1krgXZNrsQ+LFTGHVxVjcXPs17LhbZVGedAJv8XZ1tvj5FvSg==}

  nanoclone@0.2.1:
    resolution: {integrity: sha512-wynEP02LmIbLpcYw8uBKpcfF6dmg2vcpKqxeH5UcoKEYdExslsdUA4ugFauuaeYdTB76ez6gJW8XAZ6CgkXYxA==}

  property-expr@2.0.6:
    resolution: {integrity: sha512-SVtmxhRE/CGkn3eZY1T6pC8Nln6Fr/lu1mKSgRud0eC73whjGfoAogbn78LkD8aFL0zz3bAFerKSnOl7NlErBA==}

  regenerator-runtime@0.14.1:
    resolution: {integrity: sha512-dYnhHh0nJoMfnkZs6GmmhFknAGRrLznOu5nc9ML+EJxGvrx6H7teuevqVqCuPcPK//3eDrrjQhehXVx9cnkGdw==}

  toposort@2.0.2:
    resolution: {integrity: sha512-0a5EOkAUp8D4moMi2W8ZF8jcga7BgZd91O/yabJCFY8az+XSzeGyTKs0Aoo897iV1Nj6guFq8orWDS96z91oGg==}

  yup@0.32.11:
    resolution: {integrity: sha512-Z2Fe1bn+eLstG8DRR6FTavGD+MeAwyfmouhHsIUgaADz8jvFKbO/fXc2trJKZg+5EBjh4gGm3iU/t3onKlXHIg==}
    engines: {node: '>=10'}

snapshots:

  '@babel/runtime@7.24.6':
    dependencies:
      regenerator-runtime: 0.14.1

  '@types/lodash@4.17.4': {}

  lodash-es@4.17.21: {}

  lodash@4.17.21: {}

  nanoclone@0.2.1: {}

  property-expr@2.0.6: {}

  regenerator-runtime@0.14.1: {}

  toposort@2.0.2: {}

  yup@0.32.11:
    dependencies:
      '@babel/runtime': 7.24.6
      '@types/lodash': 4.17.4
      lodash: 4.17.21
      lodash-es: 4.17.21
      nanoclone: 0.2.1
      property-expr: 2.0.6
      toposort: 2.0.2
